
Microsoft Visual Studio Solution File, Format Version 12.00
# Visual Studio Version 17
VisualStudioVersion = 17.4.33205.214
MinimumVisualStudioVersion = 10.0.40219.1
Project("{FAE04EC0-301F-11D3-BF4B-00C04F79EFBC}") = "TiendaApp.API", "TiendaApp.API\TiendaApp.API.csproj", "{82580045-E8C8-4DEE-8507-A6D903576E52}"
EndProject
Project("{FAE04EC0-301F-11D3-BF4B-00C04F79EFBC}") = "TiendaApp.Entities", "TiendaApp.Entities\TiendaApp.Entities.csproj", "{99407F3F-4853-4CF2-9002-2281A0C4216B}"
EndProject
Project("{FAE04EC0-301F-11D3-BF4B-00C04F79EFBC}") = "TiendaApp.Data", "TiendaApp.Data\TiendaApp.Data.csproj", "{ED54B683-6444-40EC-8CA8-BC225F2B4AC5}"
EndProject
Project("{FAE04EC0-301F-11D3-BF4B-00C04F79EFBC}") = "TiendaApp.Business", "TiendaApp.Business\TiendaApp.Business.csproj", "{9C2909EF-4AB2-4498-9289-F2E335FD8D30}"
EndProject
Global
	GlobalSection(SolutionConfigurationPlatforms) = preSolution
		Debug|Any CPU = Debug|Any CPU
		Release|Any CPU = Release|Any CPU
	EndGlobalSection
	GlobalSection(ProjectConfigurationPlatforms) = postSolution
		{82580045-E8C8-4DEE-8507-A6D903576E52}.Debug|Any CPU.ActiveCfg = Debug|Any CPU
		{82580045-E8C8-4DEE-8507-A6D903576E52}.Debug|Any CPU.Build.0 = Debug|Any CPU
		{82580045-E8C8-4DEE-8507-A6D903576E52}.Release|Any CPU.ActiveCfg = Release|Any CPU
		{82580045-E8C8-4DEE-8507-A6D903576E52}.Release|Any CPU.Build.0 = Release|Any CPU
		{99407F3F-4853-4CF2-9002-2281A0C4216B}.Debug|Any CPU.ActiveCfg = Debug|Any CPU
		{99407F3F-4853-4CF2-9002-2281A0C4216B}.Debug|Any CPU.Build.0 = Debug|Any CPU
		{99407F3F-4853-4CF2-9002-2281A0C4216B}.Release|Any CPU.ActiveCfg = Release|Any CPU
		{99407F3F-4853-4CF2-9002-2281A0C4216B}.Release|Any CPU.Build.0 = Release|Any CPU
		{ED54B683-6444-40EC-8CA8-BC225F2B4AC5}.Debug|Any CPU.ActiveCfg = Debug|Any CPU
		{ED54B683-6444-40EC-8CA8-BC225F2B4AC5}.Debug|Any CPU.Build.0 = Debug|Any CPU
		{ED54B683-6444-40EC-8CA8-BC225F2B4AC5}.Release|Any CPU.ActiveCfg = Release|Any CPU
		{ED54B683-6444-40EC-8CA8-BC225F2B4AC5}.Release|Any CPU.Build.0 = Release|Any CPU
		{9C2909EF-4AB2-4498-9289-F2E335FD8D30}.Debug|Any CPU.ActiveCfg = Debug|Any CPU
		{9C2909EF-4AB2-4498-9289-F2E335FD8D30}.Debug|Any CPU.Build.0 = Debug|Any CPU
		{9C2909EF-4AB2-4498-9289-F2E335FD8D30}.Release|Any CPU.ActiveCfg = Release|Any CPU
		{9C2909EF-4AB2-4498-9289-F2E335FD8D30}.Release|Any CPU.Build.0 = Release|Any CPU
	EndGlobalSection
	GlobalSection(SolutionProperties) = preSolution
		HideSolutionNode = FALSE
	EndGlobalSection
	GlobalSection(ExtensibilityGlobals) = postSolution
		SolutionGuid = {18BCAD28-FE40-46F6-9D93-3E71B1D73FF7}
	EndGlobalSection
EndGlobal
